
Microsoft Visual Studio Solution File, Format Version 12.00
# Visual Studio Version 17
VisualStudioVersion = 17.4.33213.308
MinimumVisualStudioVersion = 10.0.40219.1
Project("{FAE04EC0-301F-11D3-BF4B-00C04F79EFBC}") = "testDelAPI", "testDelAPI\testDelAPI.csproj", "{B3B32C69-4B24-4DED-9E28-570B3728B8EE}"
EndProject
Global
	GlobalSection(SolutionConfigurationPlatforms) = preSolution
		Debug|Any CPU = Debug|Any CPU
		Release|Any CPU = Release|Any CPU
	EndGlobalSection
	GlobalSection(ProjectConfigurationPlatforms) = postSolution
		{B3B32C69-4B24-4DED-9E28-570B3728B8EE}.Debug|Any CPU.ActiveCfg = Debug|Any CPU
		{B3B32C69-4B24-4DED-9E28-570B3728B8EE}.Debug|Any CPU.Build.0 = Debug|Any CPU
		{B3B32C69-4B24-4DED-9E28-570B3728B8EE}.Release|Any CPU.ActiveCfg = Release|Any CPU
		{B3B32C69-4B24-4DED-9E28-570B3728B8EE}.Release|Any CPU.Build.0 = Release|Any CPU
	EndGlobalSection
	GlobalSection(SolutionProperties) = preSolution
		HideSolutionNode = FALSE
	EndGlobalSection
	GlobalSection(ExtensibilityGlobals) = postSolution
		SolutionGuid = {CA55277E-441B-43B3-BDA2-1933E794166A}
	EndGlobalSection
EndGlobal
